
Microsoft Visual Studio Solution File, Format Version 12.00
# Visual Studio Version 17
VisualStudioVersion = 17.9.34607.119
MinimumVisualStudioVersion = 10.0.40219.1
Project("{FAE04EC0-301F-11D3-BF4B-00C04F79EFBC}") = "PizzaStore", "PizzaStore\PizzaStore.csproj", "{819F5DD3-4A28-46BA-B834-18C09AED1C2E}"
EndProject
Global
	GlobalSection(SolutionConfigurationPlatforms) = preSolution
		Debug|Any CPU = Debug|Any CPU
		Release|Any CPU = Release|Any CPU
	EndGlobalSection
	GlobalSection(ProjectConfigurationPlatforms) = postSolution
		{819F5DD3-4A28-46BA-B834-18C09AED1C2E}.Debug|Any CPU.ActiveCfg = Debug|Any CPU
		{819F5DD3-4A28-46BA-B834-18C09AED1C2E}.Debug|Any CPU.Build.0 = Debug|Any CPU
		{819F5DD3-4A28-46BA-B834-18C09AED1C2E}.Release|Any CPU.ActiveCfg = Release|Any CPU
		{819F5DD3-4A28-46BA-B834-18C09AED1C2E}.Release|Any CPU.Build.0 = Release|Any CPU
	EndGlobalSection
	GlobalSection(SolutionProperties) = preSolution
		HideSolutionNode = FALSE
	EndGlobalSection
	GlobalSection(ExtensibilityGlobals) = postSolution
		SolutionGuid = {3985BF9F-83E8-4E0B-8C67-953A49B1387F}
	EndGlobalSection
EndGlobal
